// !$*UTF8*$!
{
	archiveVersion = 1;
	classes = {
	};
	objectVersion = 50;
	objects = {

/* Begin PBXBuildFile section */
		6F97C1CD2147AC1100553250 /* AppDelegate.swift in Sources */ = {isa = PBXBuildFile; fileRef = 6F97C1CC2147AC1100553250 /* AppDelegate.swift */; };
		6F97C1CF2147AC1100553250 /* TabManagerViewController.swift in Sources */ = {isa = PBXBuildFile; fileRef = 6F97C1CE2147AC1100553250 /* TabManagerViewController.swift */; };
		6F97C1D72147AC1200553250 /* LaunchScreen.storyboard in Resources */ = {isa = PBXBuildFile; fileRef = 6F97C1D52147AC1200553250 /* LaunchScreen.storyboard */; };
		6FEEE38E2147E29C008B8936 /* BlackBox.swift in Sources */ = {isa = PBXBuildFile; fileRef = 6FEEE38D2147E29C008B8936 /* BlackBox.swift */; };
		6FEEE3902147E2C6008B8936 /* LoginViewController.swift in Sources */ = {isa = PBXBuildFile; fileRef = 6FEEE38F2147E2C6008B8936 /* LoginViewController.swift */; };
		6FEEE3992147E3C2008B8936 /* MapViewController.swift in Sources */ = {isa = PBXBuildFile; fileRef = 6FEEE3982147E3C2008B8936 /* MapViewController.swift */; };
		6FEEE39B2147E3D2008B8936 /* TableViewController.swift in Sources */ = {isa = PBXBuildFile; fileRef = 6FEEE39A2147E3D1008B8936 /* TableViewController.swift */; };
		6FEEE39D2147E3E8008B8936 /* AddNewPinViewController.swift in Sources */ = {isa = PBXBuildFile; fileRef = 6FEEE39C2147E3E8008B8936 /* AddNewPinViewController.swift */; };
		6FEEE39F2147E3EF008B8936 /* ShareLinkViewController.swift in Sources */ = {isa = PBXBuildFile; fileRef = 6FEEE39E2147E3EF008B8936 /* ShareLinkViewController.swift */; };
		6FEEE3A12147E411008B8936 /* StudentLocation.swift in Sources */ = {isa = PBXBuildFile; fileRef = 6FEEE3A02147E411008B8936 /* StudentLocation.swift */; };
		6FEEE3A32147E415008B8936 /* LocationData.swift in Sources */ = {isa = PBXBuildFile; fileRef = 6FEEE3A22147E415008B8936 /* LocationData.swift */; };
		6FEEE3A52147E429008B8936 /* ParseClient.swift in Sources */ = {isa = PBXBuildFile; fileRef = 6FEEE3A42147E429008B8936 /* ParseClient.swift */; };
		6FEEE3A92147E434008B8936 /* Constants.swift in Sources */ = {isa = PBXBuildFile; fileRef = 6FEEE3A82147E434008B8936 /* Constants.swift */; };
		6FEEE3AB2147E43A008B8936 /* UdacityClient.swift in Sources */ = {isa = PBXBuildFile; fileRef = 6FEEE3AA2147E43A008B8936 /* UdacityClient.swift */; };
		6FEEE3AD2147E474008B8936 /* Main.storyboard in Resources */ = {isa = PBXBuildFile; fileRef = 6FEEE3AC2147E474008B8936 /* Main.storyboard */; };
		6FEEE3AF2147E4E8008B8936 /* Assets.xcassets in Resources */ = {isa = PBXBuildFile; fileRef = 6FEEE3AE2147E4E8008B8936 /* Assets.xcassets */; };
		6FEEE3B121482BC3008B8936 /* Info.plist in Resources */ = {isa = PBXBuildFile; fileRef = 6FEEE3B021482BC2008B8936 /* Info.plist */; };
/* End PBXBuildFile section */

/* Begin PBXFileReference section */
		6F97C1C92147AC1100553250 /* OnTheMap.app */ = {isa = PBXFileReference; explicitFileType = wrapper.application; includeInIndex = 0; path = OnTheMap.app; sourceTree = BUILT_PRODUCTS_DIR; };
		6F97C1CC2147AC1100553250 /* AppDelegate.swift */ = {isa = PBXFileReference; lastKnownFileType = sourcecode.swift; path = AppDelegate.swift; sourceTree = "<group>"; };
		6F97C1CE2147AC1100553250 /* TabManagerViewController.swift */ = {isa = PBXFileReference; lastKnownFileType = sourcecode.swift; path = TabManagerViewController.swift; sourceTree = "<group>"; };
		6F97C1D62147AC1200553250 /* Base */ = {isa = PBXFileReference; lastKnownFileType = file.storyboard; name = Base; path = Base.lproj/LaunchScreen.storyboard; sourceTree = "<group>"; };
		6FEEE38D2147E29C008B8936 /* BlackBox.swift */ = {isa = PBXFileReference; lastKnownFileType = sourcecode.swift; path = BlackBox.swift; sourceTree = "<group>"; };
		6FEEE38F2147E2C6008B8936 /* LoginViewController.swift */ = {isa = PBXFileReference; lastKnownFileType = sourcecode.swift; path = LoginViewController.swift; sourceTree = "<group>"; };
		6FEEE3982147E3C2008B8936 /* MapViewController.swift */ = {isa = PBXFileReference; fileEncoding = 4; lastKnownFileType = sourcecode.swift; path = MapViewController.swift; sourceTree = "<group>"; };
		6FEEE39A2147E3D1008B8936 /* TableViewController.swift */ = {isa = PBXFileReference; fileEncoding = 4; lastKnownFileType = sourcecode.swift; path = TableViewController.swift; sourceTree = "<group>"; };
		6FEEE39C2147E3E8008B8936 /* AddNewPinViewController.swift */ = {isa = PBXFileReference; fileEncoding = 4; lastKnownFileType = sourcecode.swift; path = AddNewPinViewController.swift; sourceTree = "<group>"; };
		6FEEE39E2147E3EF008B8936 /* ShareLinkViewController.swift */ = {isa = PBXFileReference; fileEncoding = 4; lastKnownFileType = sourcecode.swift; path = ShareLinkViewController.swift; sourceTree = "<group>"; };
		6FEEE3A02147E411008B8936 /* StudentLocation.swift */ = {isa = PBXFileReference; fileEncoding = 4; lastKnownFileType = sourcecode.swift; path = StudentLocation.swift; sourceTree = "<group>"; };
		6FEEE3A22147E415008B8936 /* LocationData.swift */ = {isa = PBXFileReference; fileEncoding = 4; lastKnownFileType = sourcecode.swift; path = LocationData.swift; sourceTree = "<group>"; };
		6FEEE3A42147E429008B8936 /* ParseClient.swift */ = {isa = PBXFileReference; fileEncoding = 4; lastKnownFileType = sourcecode.swift; path = ParseClient.swift; sourceTree = "<group>"; };
		6FEEE3A82147E434008B8936 /* Constants.swift */ = {isa = PBXFileReference; fileEncoding = 4; lastKnownFileType = sourcecode.swift; path = Constants.swift; sourceTree = "<group>"; };
		6FEEE3AA2147E43A008B8936 /* UdacityClient.swift */ = {isa = PBXFileReference; fileEncoding = 4; lastKnownFileType = sourcecode.swift; path = UdacityClient.swift; sourceTree = "<group>"; };
		6FEEE3AC2147E474008B8936 /* Main.storyboard */ = {isa = PBXFileReference; fileEncoding = 4; lastKnownFileType = file.storyboard; path = Main.storyboard; sourceTree = "<group>"; };
		6FEEE3AE2147E4E8008B8936 /* Assets.xcassets */ = {isa = PBXFileReference; lastKnownFileType = folder.assetcatalog; path = Assets.xcassets; sourceTree = "<group>"; };
		6FEEE3B021482BC2008B8936 /* Info.plist */ = {isa = PBXFileReference; fileEncoding = 4; lastKnownFileType = text.plist.xml; path = Info.plist; sourceTree = "<group>"; };
/* End PBXFileReference section */

/* Begin PBXFrameworksBuildPhase section */
		6F97C1C62147AC1100553250 /* Frameworks */ = {
			isa = PBXFrameworksBuildPhase;
			buildActionMask = 2147483647;
			files = (
			);
			runOnlyForDeploymentPostprocessing = 0;
		};
/* End PBXFrameworksBuildPhase section */

/* Begin PBXGroup section */
		6F97C1C02147AC1100553250 = {
			isa = PBXGroup;
			children = (
				6F97C1CB2147AC1100553250 /* OnTheMap */,
				6F97C1CA2147AC1100553250 /* Products */,
			);
			sourceTree = "<group>";
		};
		6F97C1CA2147AC1100553250 /* Products */ = {
			isa = PBXGroup;
			children = (
				6F97C1C92147AC1100553250 /* OnTheMap.app */,
			);
			name = Products;
			sourceTree = "<group>";
		};
		6F97C1CB2147AC1100553250 /* OnTheMap */ = {
			isa = PBXGroup;
			children = (
				6F97C1CC2147AC1100553250 /* AppDelegate.swift */,
				6FEEE38D2147E29C008B8936 /* BlackBox.swift */,
				6FEEE3912147E2DB008B8936 /* Model */,
				6FEEE3952147E316008B8936 /* View */,
				6FEEE3972147E329008B8936 /* Assets */,
				6FEEE3B021482BC2008B8936 /* Info.plist */,
			);
			path = OnTheMap;
			sourceTree = "<group>";
		};
		6FEEE3912147E2DB008B8936 /* Model */ = {
			isa = PBXGroup;
			children = (
				6FEEE3A02147E411008B8936 /* StudentLocation.swift */,
				6FEEE3A22147E415008B8936 /* LocationData.swift */,
				6FEEE3922147E2EA008B8936 /* Clients  */,
			);
			name = Model;
			sourceTree = "<group>";
		};
		6FEEE3922147E2EA008B8936 /* Clients  */ = {
			isa = PBXGroup;
			children = (
				6FEEE3942147E2FE008B8936 /* Parse */,
				6FEEE3932147E2F6008B8936 /* Udacity */,
			);
			path = "Clients ";
			sourceTree = "<group>";
		};
		6FEEE3932147E2F6008B8936 /* Udacity */ = {
			isa = PBXGroup;
			children = (
				6FEEE3AA2147E43A008B8936 /* UdacityClient.swift */,
			);
			name = Udacity;
			sourceTree = "<group>";
		};
		6FEEE3942147E2FE008B8936 /* Parse */ = {
			isa = PBXGroup;
			children = (
				6FEEE3A42147E429008B8936 /* ParseClient.swift */,
				6FEEE3A82147E434008B8936 /* Constants.swift */,
			);
			path = Parse;
			sourceTree = "<group>";
		};
		6FEEE3952147E316008B8936 /* View */ = {
			isa = PBXGroup;
			children = (
				6FEEE38F2147E2C6008B8936 /* LoginViewController.swift */,
				6F97C1CE2147AC1100553250 /* TabManagerViewController.swift */,
				6FEEE3982147E3C2008B8936 /* MapViewController.swift */,
				6FEEE39A2147E3D1008B8936 /* TableViewController.swift */,
				6FEEE39C2147E3E8008B8936 /* AddNewPinViewController.swift */,
				6FEEE39E2147E3EF008B8936 /* ShareLinkViewController.swift */,
			);
			path = View;
			sourceTree = "<group>";
		};
		6FEEE3972147E329008B8936 /* Assets */ = {
			isa = PBXGroup;
			children = (
				6FEEE3AC2147E474008B8936 /* Main.storyboard */,
				6F97C1D52147AC1200553250 /* LaunchScreen.storyboard */,
				6FEEE3AE2147E4E8008B8936 /* Assets.xcassets */,
			);
			path = Assets;
			sourceTree = "<group>";
		};
/* End PBXGroup section */

/* Begin PBXNativeTarget section */
		6F97C1C82147AC1100553250 /* OnTheMap */ = {
			isa = PBXNativeTarget;
			buildConfigurationList = 6F97C1DB2147AC1200553250 /* Build configuration list for PBXNativeTarget "OnTheMap" */;
			buildPhases = (
				6F97C1C52147AC1100553250 /* Sources */,
				6F97C1C62147AC1100553250 /* Frameworks */,
				6F97C1C72147AC1100553250 /* Resources */,
			);
			buildRules = (
			);
			dependencies = (
			);
			name = OnTheMap;
			productName = OnTheMap;
			productReference = 6F97C1C92147AC1100553250 /* OnTheMap.app */;
			productType = "com.apple.product-type.application";
		};
/* End PBXNativeTarget section */

/* Begin PBXProject section */
		6F97C1C12147AC1100553250 /* Project object */ = {
			isa = PBXProject;
			attributes = {
				LastSwiftUpdateCheck = 0930;
				LastUpgradeCheck = 0930;
				ORGANIZATIONNAME = dummy;
				TargetAttributes = {
					6F97C1C82147AC1100553250 = {
						CreatedOnToolsVersion = 9.3;
					};
				};
			};
			buildConfigurationList = 6F97C1C42147AC1100553250 /* Build configuration list for PBXProject "OnTheMap" */;
			compatibilityVersion = "Xcode 9.3";
			developmentRegion = en;
			hasScannedForEncodings = 0;
			knownRegions = (
				en,
				Base,
			);
			mainGroup = 6F97C1C02147AC1100553250;
			productRefGroup = 6F97C1CA2147AC1100553250 /* Products */;
			projectDirPath = "";
			projectRoot = "";
			targets = (
				6F97C1C82147AC1100553250 /* OnTheMap */,
			);
		};
/* End PBXProject section */

/* Begin PBXResourcesBuildPhase section */
		6F97C1C72147AC1100553250 /* Resources */ = {
			isa = PBXResourcesBuildPhase;
			buildActionMask = 2147483647;
			files = (
				6FEEE3B121482BC3008B8936 /* Info.plist in Resources */,
				6F97C1D72147AC1200553250 /* LaunchScreen.storyboard in Resources */,
				6FEEE3AF2147E4E8008B8936 /* Assets.xcassets in Resources */,
				6FEEE3AD2147E474008B8936 /* Main.storyboard in Resources */,
			);
			runOnlyForDeploymentPostprocessing = 0;
		};
/* End PBXResourcesBuildPhase section */

/* Begin PBXSourcesBuildPhase section */
		6F97C1C52147AC1100553250 /* Sources */ = {
			isa = PBXSourcesBuildPhase;
			buildActionMask = 2147483647;
			files = (
				6FEEE3A12147E411008B8936 /* StudentLocation.swift in Sources */,
				6FEEE3902147E2C6008B8936 /* LoginViewController.swift in Sources */,
				6FEEE39D2147E3E8008B8936 /* AddNewPinViewController.swift in Sources */,
				6F97C1CF2147AC1100553250 /* TabManagerViewController.swift in Sources */,
				6FEEE39B2147E3D2008B8936 /* TableViewController.swift in Sources */,
				6F97C1CD2147AC1100553250 /* AppDelegate.swift in Sources */,
				6FEEE3992147E3C2008B8936 /* MapViewController.swift in Sources */,
				6FEEE3A92147E434008B8936 /* Constants.swift in Sources */,
				6FEEE38E2147E29C008B8936 /* BlackBox.swift in Sources */,
				6FEEE3A32147E415008B8936 /* LocationData.swift in Sources */,
				6FEEE39F2147E3EF008B8936 /* ShareLinkViewController.swift in Sources */,
				6FEEE3AB2147E43A008B8936 /* UdacityClient.swift in Sources */,
				6FEEE3A52147E429008B8936 /* ParseClient.swift in Sources */,
			);
			runOnlyForDeploymentPostprocessing = 0;
		};
/* End PBXSourcesBuildPhase section */

/* Begin PBXVariantGroup section */
		6F97C1D52147AC1200553250 /* LaunchScreen.storyboard */ = {
			isa = PBXVariantGroup;
			children = (
				6F97C1D62147AC1200553250 /* Base */,
			);
			name = LaunchScreen.storyboard;
			sourceTree = "<group>";
		};
/* End PBXVariantGroup section */

/* Begin XCBuildConfiguration section */
		6F97C1D92147AC1200553250 /* Debug */ = {
			isa = XCBuildConfiguration;
			buildSettings = {
				ALWAYS_SEARCH_USER_PATHS = NO;
				CLANG_ANALYZER_NONNULL = YES;
				CLANG_ANALYZER_NUMBER_OBJECT_CONVERSION = YES_AGGRESSIVE;
				CLANG_CXX_LANGUAGE_STANDARD = "gnu++14";
				CLANG_CXX_LIBRARY = "libc++";
				CLANG_ENABLE_MODULES = YES;
				CLANG_ENABLE_OBJC_ARC = YES;
				CLANG_ENABLE_OBJC_WEAK = YES;
				CLANG_WARN_BLOCK_CAPTURE_AUTORELEASING = YES;
				CLANG_WARN_BOOL_CONVERSION = YES;
				CLANG_WARN_COMMA = YES;
				CLANG_WARN_CONSTANT_CONVERSION = YES;
				CLANG_WARN_DEPRECATED_OBJC_IMPLEMENTATIONS = YES;
				CLANG_WARN_DIRECT_OBJC_ISA_USAGE = YES_ERROR;
				CLANG_WARN_DOCUMENTATION_COMMENTS = YES;
				CLANG_WARN_EMPTY_BODY = YES;
				CLANG_WARN_ENUM_CONVERSION = YES;
				CLANG_WARN_INFINITE_RECURSION = YES;
				CLANG_WARN_INT_CONVERSION = YES;
				CLANG_WARN_NON_LITERAL_NULL_CONVERSION = YES;
				CLANG_WARN_OBJC_IMPLICIT_RETAIN_SELF = YES;
				CLANG_WARN_OBJC_LITERAL_CONVERSION = YES;
				CLANG_WARN_OBJC_ROOT_CLASS = YES_ERROR;
				CLANG_WARN_RANGE_LOOP_ANALYSIS = YES;
				CLANG_WARN_STRICT_PROTOTYPES = YES;
				CLANG_WARN_SUSPICIOUS_MOVE = YES;
				CLANG_WARN_UNGUARDED_AVAILABILITY = YES_AGGRESSIVE;
				CLANG_WARN_UNREACHABLE_CODE = YES;
				CLANG_WARN__DUPLICATE_METHOD_MATCH = YES;
				CODE_SIGN_IDENTITY = "iPhone Developer";
				COPY_PHASE_STRIP = NO;
				DEBUG_INFORMATION_FORMAT = dwarf;
				ENABLE_STRICT_OBJC_MSGSEND = YES;
				ENABLE_TESTABILITY = YES;
				GCC_C_LANGUAGE_STANDARD = gnu11;
				GCC_DYNAMIC_NO_PIC = NO;
				GCC_NO_COMMON_BLOCKS = YES;
				GCC_OPTIMIZATION_LEVEL = 0;
				GCC_PREPROCESSOR_DEFINITIONS = (
					"DEBUG=1",
					"$(inherited)",
				);
				GCC_WARN_64_TO_32_BIT_CONVERSION = YES;
				GCC_WARN_ABOUT_RETURN_TYPE = YES_ERROR;
				GCC_WARN_UNDECLARED_SELECTOR = YES;
				GCC_WARN_UNINITIALIZED_AUTOS = YES_AGGRESSIVE;
				GCC_WARN_UNUSED_FUNCTION = YES;
				GCC_WARN_UNUSED_VARIABLE = YES;
				IPHONEOS_DEPLOYMENT_TARGET = 11.3;
				MTL_ENABLE_DEBUG_INFO = YES;
				ONLY_ACTIVE_ARCH = YES;
				SDKROOT = iphoneos;
				SWIFT_ACTIVE_COMPILATION_CONDITIONS = DEBUG;
				SWIFT_OPTIMIZATION_LEVEL = "-Onone";
			};
			name = Debug;
		};
		6F97C1DA2147AC1200553250 /* Release */ = {
			isa = XCBuildConfiguration;
			buildSettings = {
				ALWAYS_SEARCH_USER_PATHS = NO;
				CLANG_ANALYZER_NONNULL = YES;
				CLANG_ANALYZER_NUMBER_OBJECT_CONVERSION = YES_AGGRESSIVE;
				CLANG_CXX_LANGUAGE_STANDARD = "gnu++14";
				CLANG_CXX_LIBRARY = "libc++";
				CLANG_ENABLE_MODULES = YES;
				CLANG_ENABLE_OBJC_ARC = YES;
				CLANG_ENABLE_OBJC_WEAK = YES;
				CLANG_WARN_BLOCK_CAPTURE_AUTORELEASING = YES;
				CLANG_WARN_BOOL_CONVERSION = YES;
				CLANG_WARN_COMMA = YES;
				CLANG_WARN_CONSTANT_CONVERSION = YES;
				CLANG_WARN_DEPRECATED_OBJC_IMPLEMENTATIONS = YES;
				CLANG_WARN_DIRECT_OBJC_ISA_USAGE = YES_ERROR;
				CLANG_WARN_DOCUMENTATION_COMMENTS = YES;
				CLANG_WARN_EMPTY_BODY = YES;
				CLANG_WARN_ENUM_CONVERSION = YES;
				CLANG_WARN_INFINITE_RECURSION = YES;
				CLANG_WARN_INT_CONVERSION = YES;
				CLANG_WARN_NON_LITERAL_NULL_CONVERSION = YES;
				CLANG_WARN_OBJC_IMPLICIT_RETAIN_SELF = YES;
				CLANG_WARN_OBJC_LITERAL_CONVERSION = YES;
				CLANG_WARN_OBJC_ROOT_CLASS = YES_ERROR;
				CLANG_WARN_RANGE_LOOP_ANALYSIS = YES;
				CLANG_WARN_STRICT_PROTOTYPES = YES;
				CLANG_WARN_SUSPICIOUS_MOVE = YES;
				CLANG_WARN_UNGUARDED_AVAILABILITY = YES_AGGRESSIVE;
				CLANG_WARN_UNREACHABLE_CODE = YES;
				CLANG_WARN__DUPLICATE_METHOD_MATCH = YES;
				CODE_SIGN_IDENTITY = "iPhone Developer";
				COPY_PHASE_STRIP = NO;
				DEBUG_INFORMATION_FORMAT = "dwarf-with-dsym";
				ENABLE_NS_ASSERTIONS = NO;
				ENABLE_STRICT_OBJC_MSGSEND = YES;
				GCC_C_LANGUAGE_STANDARD = gnu11;
				GCC_NO_COMMON_BLOCKS = YES;
				GCC_WARN_64_TO_32_BIT_CONVERSION = YES;
				GCC_WARN_ABOUT_RETURN_TYPE = YES_ERROR;
				GCC_WARN_UNDECLARED_SELECTOR = YES;
				GCC_WARN_UNINITIALIZED_AUTOS = YES_AGGRESSIVE;
				GCC_WARN_UNUSED_FUNCTION = YES;
				GCC_WARN_UNUSED_VARIABLE = YES;
				IPHONEOS_DEPLOYMENT_TARGET = 11.3;
				MTL_ENABLE_DEBUG_INFO = NO;
				SDKROOT = iphoneos;
				SWIFT_COMPILATION_MODE = wholemodule;
				SWIFT_OPTIMIZATION_LEVEL = "-O";
				VALIDATE_PRODUCT = YES;
			};
			name = Release;
		};
		6F97C1DC2147AC1200553250 /* Debug */ = {
			isa = XCBuildConfiguration;
			buildSettings = {
				ASSETCATALOG_COMPILER_APPICON_NAME = AppIcon;
				CODE_SIGN_STYLE = Automatic;
				INFOPLIST_FILE = OnTheMap/Info.plist;
				LD_RUNPATH_SEARCH_PATHS = (
					"$(inherited)",
					"@executable_path/Frameworks",
				);
				PRODUCT_BUNDLE_IDENTIFIER = com.example.OnTheMap;
				PRODUCT_NAME = "$(TARGET_NAME)";
				SWIFT_VERSION = 4.0;
				TARGETED_DEVICE_FAMILY = "1,2";
			};
			name = Debug;
		};
		6F97C1DD2147AC1200553250 /* Release */ = {
			isa = XCBuildConfiguration;
			buildSettings = {
				ASSETCATALOG_COMPILER_APPICON_NAME = AppIcon;
				CODE_SIGN_STYLE = Automatic;
				INFOPLIST_FILE = OnTheMap/Info.plist;
				LD_RUNPATH_SEARCH_PATHS = (
					"$(inherited)",
					"@executable_path/Frameworks",
				);
				PRODUCT_BUNDLE_IDENTIFIER = com.example.OnTheMap;
				PRODUCT_NAME = "$(TARGET_NAME)";
				SWIFT_VERSION = 4.0;
				TARGETED_DEVICE_FAMILY = "1,2";
			};
			name = Release;
		};
/* End XCBuildConfiguration section */

/* Begin XCConfigurationList section */
		6F97C1C42147AC1100553250 /* Build configuration list for PBXProject "OnTheMap" */ = {
			isa = XCConfigurationList;
			buildConfigurations = (
				6F97C1D92147AC1200553250 /* Debug */,
				6F97C1DA2147AC1200553250 /* Release */,
			);
			defaultConfigurationIsVisible = 0;
			defaultConfigurationName = Release;
		};
		6F97C1DB2147AC1200553250 /* Build configuration list for PBXNativeTarget "OnTheMap" */ = {
			isa = XCConfigurationList;
			buildConfigurations = (
				6F97C1DC2147AC1200553250 /* Debug */,
				6F97C1DD2147AC1200553250 /* Release */,
			);
			defaultConfigurationIsVisible = 0;
			defaultConfigurationName = Release;
		};
/* End XCConfigurationList section */
	};
	rootObject = 6F97C1C12147AC1100553250 /* Project object */;
}
